
Microsoft Visual Studio Solution File, Format Version 12.00
# Visual Studio Version 17
VisualStudioVersion = 17.12.35707.178
MinimumVisualStudioVersion = 10.0.40219.1
Project("{FAE04EC0-301F-11D3-BF4B-00C04F79EFBC}") = "Tps", "Tps\Tps.csproj", "{1E08E716-B5D7-433B-877C-019B6BCB0EED}"
EndProject
Project("{2150E333-8FDC-42A3-9474-1A3956D46DE8}") = "Éléments de solution", "Éléments de solution", "{9F372E3F-6C42-4DF9-8C20-0584FCD94B2F}"
EndProject
Project("{FAE04EC0-301F-11D3-BF4B-00C04F79EFBC}") = "Tp2_1", "Tp2_1\Tp2_1.csproj", "{E93EBF13-1C61-454F-A311-CE3D1A59BE30}"
EndProject
Project("{FAE04EC0-301F-11D3-BF4B-00C04F79EFBC}") = "Tp2_2", "Tp2_2\Tp2_2.csproj", "{E570ACE4-A5AE-47F4-AE2E-53356997B262}"
EndProject
Project("{FAE04EC0-301F-11D3-BF4B-00C04F79EFBC}") = "Tp1_1", "Tp1_1\Tp1_1.csproj", "{BD295433-002B-4C56-A011-16D750E650FF}"
EndProject
Global
	GlobalSection(SolutionConfigurationPlatforms) = preSolution
		Debug|Any CPU = Debug|Any CPU
		Release|Any CPU = Release|Any CPU
	EndGlobalSection
	GlobalSection(ProjectConfigurationPlatforms) = postSolution
		{1E08E716-B5D7-433B-877C-019B6BCB0EED}.Debug|Any CPU.ActiveCfg = Debug|Any CPU
		{1E08E716-B5D7-433B-877C-019B6BCB0EED}.Debug|Any CPU.Build.0 = Debug|Any CPU
		{1E08E716-B5D7-433B-877C-019B6BCB0EED}.Release|Any CPU.ActiveCfg = Release|Any CPU
		{1E08E716-B5D7-433B-877C-019B6BCB0EED}.Release|Any CPU.Build.0 = Release|Any CPU
		{E93EBF13-1C61-454F-A311-CE3D1A59BE30}.Debug|Any CPU.ActiveCfg = Debug|Any CPU
		{E93EBF13-1C61-454F-A311-CE3D1A59BE30}.Debug|Any CPU.Build.0 = Debug|Any CPU
		{E93EBF13-1C61-454F-A311-CE3D1A59BE30}.Release|Any CPU.ActiveCfg = Release|Any CPU
		{E93EBF13-1C61-454F-A311-CE3D1A59BE30}.Release|Any CPU.Build.0 = Release|Any CPU
		{E570ACE4-A5AE-47F4-AE2E-53356997B262}.Debug|Any CPU.ActiveCfg = Debug|Any CPU
		{E570ACE4-A5AE-47F4-AE2E-53356997B262}.Debug|Any CPU.Build.0 = Debug|Any CPU
		{E570ACE4-A5AE-47F4-AE2E-53356997B262}.Release|Any CPU.ActiveCfg = Release|Any CPU
		{E570ACE4-A5AE-47F4-AE2E-53356997B262}.Release|Any CPU.Build.0 = Release|Any CPU
		{BD295433-002B-4C56-A011-16D750E650FF}.Debug|Any CPU.ActiveCfg = Debug|Any CPU
		{BD295433-002B-4C56-A011-16D750E650FF}.Debug|Any CPU.Build.0 = Debug|Any CPU
		{BD295433-002B-4C56-A011-16D750E650FF}.Release|Any CPU.ActiveCfg = Release|Any CPU
		{BD295433-002B-4C56-A011-16D750E650FF}.Release|Any CPU.Build.0 = Release|Any CPU
	EndGlobalSection
	GlobalSection(SolutionProperties) = preSolution
		HideSolutionNode = FALSE
	EndGlobalSection
EndGlobal
